
Microsoft Visual Studio Solution File, Format Version 12.00
# Visual Studio Version 17
VisualStudioVersion = 17.9.34607.119
MinimumVisualStudioVersion = 10.0.40219.1
Project("{FAE04EC0-301F-11D3-BF4B-00C04F79EFBC}") = "Lesson 12_6 (Vector)", "Lesson 12_6 (Vector).csproj", "{E4D29DFD-3518-4019-9380-0D21EFC05E65}"
EndProject
Global
	GlobalSection(SolutionConfigurationPlatforms) = preSolution
		Debug|Any CPU = Debug|Any CPU
		Release|Any CPU = Release|Any CPU
	EndGlobalSection
	GlobalSection(ProjectConfigurationPlatforms) = postSolution
		{E4D29DFD-3518-4019-9380-0D21EFC05E65}.Debug|Any CPU.ActiveCfg = Debug|Any CPU
		{E4D29DFD-3518-4019-9380-0D21EFC05E65}.Debug|Any CPU.Build.0 = Debug|Any CPU
		{E4D29DFD-3518-4019-9380-0D21EFC05E65}.Release|Any CPU.ActiveCfg = Release|Any CPU
		{E4D29DFD-3518-4019-9380-0D21EFC05E65}.Release|Any CPU.Build.0 = Release|Any CPU
	EndGlobalSection
	GlobalSection(SolutionProperties) = preSolution
		HideSolutionNode = FALSE
	EndGlobalSection
	GlobalSection(ExtensibilityGlobals) = postSolution
		SolutionGuid = {866B11FB-A57F-48FE-91E9-6CAB5F8A74AB}
	EndGlobalSection
EndGlobal
